{
  "version": 4,
  "terraform_version": "1.4.5",
  "serial": 49,
  "lineage": "3a814dbb-a209-4280-0897-a7c80e572bc5",
  "outputs": {
    "jenkins_ip": {
      "value": "167.172.159.139",
      "type": "string"
    }
  },
  "resources": [
    {
      "mode": "data",
      "type": "digitalocean_ssh_key",
      "name": "ssh_key",
      "provider": "provider[\"registry.terraform.io/digitalocean/digitalocean\"]",
      "instances": [
        {
          "schema_version": 0,
          "attributes": {
            "fingerprint": "63:fb:ea:e3:2c:24:ce:10:9e:6d:1a:07:bc:77:5d:cc",
            "id": 38029350,
            "name": "learningdevops",
            "public_key": "ssh-rsa AAAAB3NzaC1yc2EAAAADAQABAAABAQDSvuv0IK7pRV1TtcaLF/YOCgkvRAcFjfaeBsbXt/q8ecqnkeGA/OvbbWUa2oOUpDqZ/W1KSM2GA7DeQNU07hfoPlCXx5ft7h97oxvLSGOo1DAio2w+K6TZ37ZSnUrnamC0ShvwlS/49xY0NHpfhI6XrRklr3QxfuvNQIsfH6IEU2ghOLQMoZnbZA9CGsjvHWAOyMR9miHSfpYLwZfeV/AXUHZstjtYm7Vf2N2ROs6f1ZM6BtO0prO375BPt8ZVt3i84/RrzXXsU6utEPc1p2AR2tEcKFvxskawM/M9YIfWRWyVRbTvATTr9eJivZmMAD7lTHcgqrXhsLfD21/4FJ37 gcastro@gcastro-desk"
          },
          "sensitive_attributes": []
        }
      ]
    },
    {
      "mode": "managed",
      "type": "digitalocean_droplet",
      "name": "jenkins",
      "provider": "provider[\"registry.terraform.io/digitalocean/digitalocean\"]",
      "instances": [
        {
          "schema_version": 1,
          "attributes": {
            "backups": false,
            "created_at": "2023-04-13T23:50:33Z",
            "disk": 60,
            "droplet_agent": null,
            "graceful_shutdown": false,
            "id": "350585250",
            "image": "ubuntu-22-04-x64",
            "ipv4_address": "167.172.159.139",
            "ipv4_address_private": "10.116.0.2",
            "ipv6": false,
            "ipv6_address": "",
            "locked": false,
            "memory": 2048,
            "monitoring": false,
            "name": "jenkins",
            "price_hourly": 0.02679,
            "price_monthly": 18,
            "private_networking": true,
            "region": "nyc1",
            "resize_disk": true,
            "size": "s-2vcpu-2gb",
            "ssh_keys": [
              "38029350"
            ],
            "status": "active",
            "tags": [],
            "timeouts": null,
            "urn": "do:droplet:350585250",
            "user_data": null,
            "vcpus": 2,
            "volume_ids": [],
            "vpc_uuid": "e94dc925-71da-4038-bd5b-2dbeb7773c7d"
          },
          "sensitive_attributes": [],
          "private": "eyJlMmJmYjczMC1lY2FhLTExZTYtOGY4OC0zNDM2M2JjN2M0YzAiOnsiY3JlYXRlIjozNjAwMDAwMDAwMDAwLCJkZWxldGUiOjYwMDAwMDAwMDAwLCJ1cGRhdGUiOjM2MDAwMDAwMDAwMDB9LCJzY2hlbWFfdmVyc2lvbiI6IjEifQ==",
          "dependencies": [
            "data.digitalocean_ssh_key.ssh_key"
          ]
        }
      ]
    },
    {
      "mode": "managed",
      "type": "local_file",
      "name": "foo",
      "provider": "provider[\"registry.terraform.io/hashicorp/local\"]",
      "instances": []
    }
  ],
  "check_results": null
}
